{
  "name": "steward-coding-worker-runtime",
  "version": "1.0.0",
  "lockfileVersion": 3,
  "requires": true,
  "packages": {
    "": {
      "name": "steward-coding-worker-runtime",
      "version": "1.0.0",
      "dependencies": {
        "@anthropic-ai/claude-code": "2.1.216",
        "@openai/codex": "0.144.6"
      }
    },
    "node_modules/@anthropic-ai/claude-code": {
      "version": "2.1.216",
      "resolved": "https://registry.npmjs.org/@anthropic-ai/claude-code/-/claude-code-2.1.216.tgz",
      "integrity": "sha512-UH4XncIO6ceNZMq2HxphEn9YR7uu5NGVJMcogGSPvu0nXRw8ubEjbu5cD3Dhvx3vXxizwFA82tmk6mVXjhr/dw==",
      "hasInstallScript": true,
      "license": "SEE LICENSE IN README.md",
      "bin": {
        "claude": "bin/claude.exe"
      },
      "engines": {
        "node": ">=22.0.0"
      },
      "optionalDependencies": {
        "@anthropic-ai/claude-code-darwin-arm64": "2.1.216",
        "@anthropic-ai/claude-code-darwin-x64": "2.1.216",
        "@anthropic-ai/claude-code-linux-arm64": "2.1.216",
        "@anthropic-ai/claude-code-linux-arm64-musl": "2.1.216",
        "@anthropic-ai/claude-code-linux-x64": "2.1.216",
        "@anthropic-ai/claude-code-linux-x64-musl": "2.1.216",
        "@anthropic-ai/claude-code-win32-arm64": "2.1.216",
        "@anthropic-ai/claude-code-win32-x64": "2.1.216"
      }
    },
    "node_modules/@anthropic-ai/claude-code-darwin-arm64": {
      "version": "2.1.216",
      "resolved": "https://registry.npmjs.org/@anthropic-ai/claude-code-darwin-arm64/-/claude-code-darwin-arm64-2.1.216.tgz",
      "integrity": "sha512-Gm0AShldYRsrkdW3lskH0QwsDvU93sATZXjv7HtmGisZlq3YcBV/UwJbi1F5wA/b+cVeptvznjG7A3faaPjz4Q==",
      "cpu": [
        "arm64"
      ],
      "license": "SEE LICENSE IN LICENSE.md",
      "optional": true,
      "os": [
        "darwin"
      ]
    },
    "node_modules/@anthropic-ai/claude-code-darwin-x64": {
      "version": "2.1.216",
      "resolved": "https://registry.npmjs.org/@anthropic-ai/claude-code-darwin-x64/-/claude-code-darwin-x64-2.1.216.tgz",
      "integrity": "sha512-Kn9PGMoA1cCIo98HbRbrC3wfLZPE1NVCHMf6axCYeQK4oUyTz8Jb/Hyg9+BpwFgHVOCsR3+bnSMEhrzj7yS3Jg==",
      "cpu": [
        "x64"
      ],
      "license": "SEE LICENSE IN LICENSE.md",
      "optional": true,
      "os": [
        "darwin"
      ]
    },
    "node_modules/@anthropic-ai/claude-code-linux-arm64": {
      "version": "2.1.216",
      "resolved": "https://registry.npmjs.org/@anthropic-ai/claude-code-linux-arm64/-/claude-code-linux-arm64-2.1.216.tgz",
      "integrity": "sha512-g2/K+v6MiIKY65SlPoFv8cRbRvroHxhvHPCf8lPDMMyRLG9fpHGGLZSR21W8OPjbqTZK8GcFcOaKrjQJrWveZw==",
      "cpu": [
        "arm64"
      ],
      "license": "SEE LICENSE IN LICENSE.md",
      "optional": true,
      "os": [
        "linux"
      ]
    },
    "node_modules/@anthropic-ai/claude-code-linux-arm64-musl": {
      "version": "2.1.216",
      "resolved": "https://registry.npmjs.org/@anthropic-ai/claude-code-linux-arm64-musl/-/claude-code-linux-arm64-musl-2.1.216.tgz",
      "integrity": "sha512-ortjlgDBu+BZ2NQuqQwQ43oU9mNxhN67uAUVGZNmgLCjzEfnjdYzXZU7On2De9pu8WBfTsAVdb0WqtbnfVaZCA==",
      "cpu": [
        "arm64"
      ],
      "license": "SEE LICENSE IN LICENSE.md",
      "optional": true,
      "os": [
        "linux"
      ]
    },
    "node_modules/@anthropic-ai/claude-code-linux-x64": {
      "version": "2.1.216",
      "resolved": "https://registry.npmjs.org/@anthropic-ai/claude-code-linux-x64/-/claude-code-linux-x64-2.1.216.tgz",
      "integrity": "sha512-BMf+Z3QM4Aj9qjA/qSYrl/JvajKxSgJUMRBnlSR4RP1qrUNWiAcWe7mljj3Au/zEv9Ahh/oi679rcqA6cTtwuQ==",
      "cpu": [
        "x64"
      ],
      "license": "SEE LICENSE IN LICENSE.md",
      "optional": true,
      "os": [
        "linux"
      ]
    },
    "node_modules/@anthropic-ai/claude-code-linux-x64-musl": {
      "version": "2.1.216",
      "resolved": "https://registry.npmjs.org/@anthropic-ai/claude-code-linux-x64-musl/-/claude-code-linux-x64-musl-2.1.216.tgz",
      "integrity": "sha512-GBEdZ0Bi6qziIcxG4chVoYKrC30tphmm5hneUfDjmR8sZqMOn0T44mL2ON1lYaT5jn02Y3zMUCK3GyJt8Bm/kw==",
      "cpu": [
        "x64"
      ],
      "license": "SEE LICENSE IN LICENSE.md",
      "optional": true,
      "os": [
        "linux"
      ]
    },
    "node_modules/@anthropic-ai/claude-code-win32-arm64": {
      "version": "2.1.216",
      "resolved": "https://registry.npmjs.org/@anthropic-ai/claude-code-win32-arm64/-/claude-code-win32-arm64-2.1.216.tgz",
      "integrity": "sha512-eiGj4hSzVqf3f6RSdpGtPnT9mk5m9/cgyW07O4ztVBAckL/lh3TAZ6w3cxMozaZZ7rdz0TX3BLqx8wa8FJ8eng==",
      "cpu": [
        "arm64"
      ],
      "license": "SEE LICENSE IN LICENSE.md",
      "optional": true,
      "os": [
        "win32"
      ]
    },
    "node_modules/@anthropic-ai/claude-code-win32-x64": {
      "version": "2.1.216",
      "resolved": "https://registry.npmjs.org/@anthropic-ai/claude-code-win32-x64/-/claude-code-win32-x64-2.1.216.tgz",
      "integrity": "sha512-wS3SS+M0RiRM76Cg7OYrdvL7qHO80tEX9OVH5zZ1FsZ2nZGMZzERNpONcaahtPWOSbWWrjb0ez39K24tkZFIWQ==",
      "cpu": [
        "x64"
      ],
      "license": "SEE LICENSE IN LICENSE.md",
      "optional": true,
      "os": [
        "win32"
      ]
    },
    "node_modules/@openai/codex": {
      "version": "0.144.6",
      "resolved": "https://registry.npmjs.org/@openai/codex/-/codex-0.144.6.tgz",
      "integrity": "sha512-wk+2CWiBNXiJLBoN2D08N9RceWkSBnlgk5g2K1a4CXrP/C0gdlHyRUG7RFzm9y41DCK/7tvCct233JVxyFmznw==",
      "license": "Apache-2.0",
      "bin": {
        "codex": "bin/codex.js"
      },
      "engines": {
        "node": ">=16"
      },
      "optionalDependencies": {
        "@openai/codex-darwin-arm64": "npm:@openai/codex@0.144.6-darwin-arm64",
        "@openai/codex-darwin-x64": "npm:@openai/codex@0.144.6-darwin-x64",
        "@openai/codex-linux-arm64": "npm:@openai/codex@0.144.6-linux-arm64",
        "@openai/codex-linux-x64": "npm:@openai/codex@0.144.6-linux-x64",
        "@openai/codex-win32-arm64": "npm:@openai/codex@0.144.6-win32-arm64",
        "@openai/codex-win32-x64": "npm:@openai/codex@0.144.6-win32-x64"
      }
    },
    "node_modules/@openai/codex-darwin-arm64": {
      "name": "@openai/codex",
      "version": "0.144.6-darwin-arm64",
      "resolved": "https://registry.npmjs.org/@openai/codex/-/codex-0.144.6-darwin-arm64.tgz",
      "integrity": "sha512-6zgvh70MzBNSeT17HEhSOrmmGGZGAKzSC7x6JAq+edkJkdPYA9P0I1tG7aJ49GlBkBxuC+MKBH1qm6+2Cghcww==",
      "cpu": [
        "arm64"
      ],
      "license": "Apache-2.0",
      "optional": true,
      "os": [
        "darwin"
      ],
      "engines": {
        "node": ">=16"
      }
    },
    "node_modules/@openai/codex-darwin-x64": {
      "name": "@openai/codex",
      "version": "0.144.6-darwin-x64",
      "resolved": "https://registry.npmjs.org/@openai/codex/-/codex-0.144.6-darwin-x64.tgz",
      "integrity": "sha512-THRyPG0zSU6M8NQAge1LHEHsJDnoH4BpKsfJHB/qe3Fm+Wf6zqAmWJFlOKzBm27m0K2Hq3za4Ac2I5p5i4yp/A==",
      "cpu": [
        "x64"
      ],
      "license": "Apache-2.0",
      "optional": true,
      "os": [
        "darwin"
      ],
      "engines": {
        "node": ">=16"
      }
    },
    "node_modules/@openai/codex-linux-arm64": {
      "name": "@openai/codex",
      "version": "0.144.6-linux-arm64",
      "resolved": "https://registry.npmjs.org/@openai/codex/-/codex-0.144.6-linux-arm64.tgz",
      "integrity": "sha512-PGiLXMN+2IQRkf7tOLi64dMInjU1pRLbz0Rwfj/yt2Y97SZQqAjFQoi2wmswmqtqMDnfwCPTC1DRXVQkvU6T6Q==",
      "cpu": [
        "arm64"
      ],
      "license": "Apache-2.0",
      "optional": true,
      "os": [
        "linux"
      ],
      "engines": {
        "node": ">=16"
      }
    },
    "node_modules/@openai/codex-linux-x64": {
      "name": "@openai/codex",
      "version": "0.144.6-linux-x64",
      "resolved": "https://registry.npmjs.org/@openai/codex/-/codex-0.144.6-linux-x64.tgz",
      "integrity": "sha512-4E7EnzCg0OnBxCyYnwJ+qnZwWHYe0YScr5ucKWbngE9u4+0XrpWELqq2Kn9jl5GZK8MDjU7PrJwFIwusHOHjuw==",
      "cpu": [
        "x64"
      ],
      "license": "Apache-2.0",
      "optional": true,
      "os": [
        "linux"
      ],
      "engines": {
        "node": ">=16"
      }
    },
    "node_modules/@openai/codex-win32-arm64": {
      "name": "@openai/codex",
      "version": "0.144.6-win32-arm64",
      "resolved": "https://registry.npmjs.org/@openai/codex/-/codex-0.144.6-win32-arm64.tgz",
      "integrity": "sha512-SpMjXJLW43JzMP0K62mVcYfmFcpk0BK4AOgYmWSfyZHs3iRtHMd0UYw7605n/9lwkT2EqbwQLT2omZFeKJFzwA==",
      "cpu": [
        "arm64"
      ],
      "license": "Apache-2.0",
      "optional": true,
      "os": [
        "win32"
      ],
      "engines": {
        "node": ">=16"
      }
    },
    "node_modules/@openai/codex-win32-x64": {
      "name": "@openai/codex",
      "version": "0.144.6-win32-x64",
      "resolved": "https://registry.npmjs.org/@openai/codex/-/codex-0.144.6-win32-x64.tgz",
      "integrity": "sha512-dN39VnjEthKz5io1RNWwZDtErdSn07nW3pGUgvlA6DMxgm/nuGaIAZO/sG/Hgxq/x5j9HteAENfrFgVkpZ0lFg==",
      "cpu": [
        "x64"
      ],
      "license": "Apache-2.0",
      "optional": true,
      "os": [
        "win32"
      ],
      "engines": {
        "node": ">=16"
      }
    }
  }
}
